
Microsoft Visual Studio Solution File, Format Version 12.00
# Visual Studio Version 17
VisualStudioVersion = 17.5.33530.505
MinimumVisualStudioVersion = 10.0.40219.1
Project("{FAE04EC0-301F-11D3-BF4B-00C04F79EFBC}") = "draka", "draka.csproj", "{A610B7F6-7938-4EBA-A2C7-D4ADAAB625AE}"
EndProject
Global
	GlobalSection(SolutionConfigurationPlatforms) = preSolution
		Debug|Any CPU = Debug|Any CPU
		Release|Any CPU = Release|Any CPU
	EndGlobalSection
	GlobalSection(ProjectConfigurationPlatforms) = postSolution
		{A610B7F6-7938-4EBA-A2C7-D4ADAAB625AE}.Debug|Any CPU.ActiveCfg = Debug|Any CPU
		{A610B7F6-7938-4EBA-A2C7-D4ADAAB625AE}.Debug|Any CPU.Build.0 = Debug|Any CPU
		{A610B7F6-7938-4EBA-A2C7-D4ADAAB625AE}.Release|Any CPU.ActiveCfg = Release|Any CPU
		{A610B7F6-7938-4EBA-A2C7-D4ADAAB625AE}.Release|Any CPU.Build.0 = Release|Any CPU
	EndGlobalSection
	GlobalSection(SolutionProperties) = preSolution
		HideSolutionNode = FALSE
	EndGlobalSection
	GlobalSection(ExtensibilityGlobals) = postSolution
		SolutionGuid = {E34D6D5C-E0D6-4A5B-982C-6FAF5CC71041}
	EndGlobalSection
EndGlobal
